// !$*UTF8*$!
{
	archiveVersion = 1;
	classes = {
	};
	objectVersion = 48;
	objects = {

/* Begin PBXBuildFile section */
		2A5641BECF2BA18A1CE128EF /* Pods_MasterWords.framework in Frameworks */ = {isa = PBXBuildFile; fileRef = 7F2518809EDC80E47CDDC9D5 /* Pods_MasterWords.framework */; };
		C104F5C0205AABD10052A21F /* ListsTableViewController.swift in Sources */ = {isa = PBXBuildFile; fileRef = C104F5BF205AABD10052A21F /* ListsTableViewController.swift */; };
		C12293AE2062BB3F0080A810 /* UsersViewController.swift in Sources */ = {isa = PBXBuildFile; fileRef = C12293AD2062BB3F0080A810 /* UsersViewController.swift */; };
		C12293B02062BE820080A810 /* User.swift in Sources */ = {isa = PBXBuildFile; fileRef = C12293AF2062BE820080A810 /* User.swift */; };
		C12293B22062CDA00080A810 /* SwitchUserViewController.swift in Sources */ = {isa = PBXBuildFile; fileRef = C12293B12062CDA00080A810 /* SwitchUserViewController.swift */; };
		C128AEB52061696800A47E3F /* Word.swift in Sources */ = {isa = PBXBuildFile; fileRef = C128AEB42061696800A47E3F /* Word.swift */; };
		C12F01F423180EAD00596D25 /* CreditsViewController.swift in Sources */ = {isa = PBXBuildFile; fileRef = C12F01F323180EAD00596D25 /* CreditsViewController.swift */; };
		C12F01F6231821F100596D25 /* RoundedButton.swift in Sources */ = {isa = PBXBuildFile; fileRef = C12F01F5231821F100596D25 /* RoundedButton.swift */; };
		C12F01F82319885D00596D25 /* 43162713_comical-rubber-squeak-01.wav in Resources */ = {isa = PBXBuildFile; fileRef = C12F01F72319885A00596D25 /* 43162713_comical-rubber-squeak-01.wav */; };
		C12F0240231EBC4A00596D25 /* ListsNavigationController.swift in Sources */ = {isa = PBXBuildFile; fileRef = C12F023F231EBC4A00596D25 /* ListsNavigationController.swift */; };
		C12F0242231EBDA000596D25 /* FlashCardsNavigationController.swift in Sources */ = {isa = PBXBuildFile; fileRef = C12F0241231EBDA000596D25 /* FlashCardsNavigationController.swift */; };
		C1344A44231573D800BEB28C /* UserEditViewController.swift in Sources */ = {isa = PBXBuildFile; fileRef = C1344A43231573D800BEB28C /* UserEditViewController.swift */; };
		C16182CE20606EF60025E6D1 /* 38798943_correct-answer-bell-gliss-01.wav in Resources */ = {isa = PBXBuildFile; fileRef = C16182CD20606EF60025E6D1 /* 38798943_correct-answer-bell-gliss-01.wav */; };
		C16182D020606F070025E6D1 /* 38806077_wrong-answer-bong-spring-01.wav in Resources */ = {isa = PBXBuildFile; fileRef = C16182CF20606F070025E6D1 /* 38806077_wrong-answer-bong-spring-01.wav */; };
		C16182D3206075070025E6D1 /* GraphTableViewController.swift in Sources */ = {isa = PBXBuildFile; fileRef = C16182D2206075060025E6D1 /* GraphTableViewController.swift */; };
		C178747E205AB89400C01B71 /* FlashCardsViewController.swift in Sources */ = {isa = PBXBuildFile; fileRef = C178747D205AB89400C01B71 /* FlashCardsViewController.swift */; };
		C17D56F420588CE900210586 /* SingleListEditViewController.swift in Sources */ = {isa = PBXBuildFile; fileRef = C17D56F320588CE900210586 /* SingleListEditViewController.swift */; };
		C17D56F620588E4700210586 /* SightWord.swift in Sources */ = {isa = PBXBuildFile; fileRef = C17D56F520588E4700210586 /* SightWord.swift */; };
		C199749A2316D8B7006467ED /* TextFieldMaxLengths.swift in Sources */ = {isa = PBXBuildFile; fileRef = C19974992316D8B7006467ED /* TextFieldMaxLengths.swift */; };
		C1AE3BAD20583E11005FA6A1 /* SightWordsList.swift in Sources */ = {isa = PBXBuildFile; fileRef = C1AE3BAC20583E11005FA6A1 /* SightWordsList.swift */; };
		C1AE3BAF2058412E005FA6A1 /* SwipeTableViewController.swift in Sources */ = {isa = PBXBuildFile; fileRef = C1AE3BAE2058412E005FA6A1 /* SwipeTableViewController.swift */; };
		C1DC04DB205C33C600F1BDC3 /* GelPen.ttf in Resources */ = {isa = PBXBuildFile; fileRef = C1DC04DA205C338F00F1BDC3 /* GelPen.ttf */; };
		C1DC04DC205C33C600F1BDC3 /* GelPenHeavy.ttf in Resources */ = {isa = PBXBuildFile; fileRef = C1DC04D9205C338200F1BDC3 /* GelPenHeavy.ttf */; };
		C1E94DDC2058336C0077F6EB /* AppDelegate.swift in Sources */ = {isa = PBXBuildFile; fileRef = C1E94DDB2058336C0077F6EB /* AppDelegate.swift */; };
		C1E94DDE2058336C0077F6EB /* ListsEditViewController.swift in Sources */ = {isa = PBXBuildFile; fileRef = C1E94DDD2058336C0077F6EB /* ListsEditViewController.swift */; };
		C1E94DE32058336C0077F6EB /* Main.storyboard in Resources */ = {isa = PBXBuildFile; fileRef = C1E94DE12058336C0077F6EB /* Main.storyboard */; };
		C1E94DE52058336C0077F6EB /* Assets.xcassets in Resources */ = {isa = PBXBuildFile; fileRef = C1E94DE42058336C0077F6EB /* Assets.xcassets */; };
		C1E94DE82058336C0077F6EB /* LaunchScreen.storyboard in Resources */ = {isa = PBXBuildFile; fileRef = C1E94DE62058336C0077F6EB /* LaunchScreen.storyboard */; };
		C1E99908206022670028564A /* TabBarViewController.swift in Sources */ = {isa = PBXBuildFile; fileRef = C1E99907206022670028564A /* TabBarViewController.swift */; };
/* End PBXBuildFile section */

/* Begin PBXFileReference section */
		4638960242EB8D080C87F084 /* Pods-MasterWords.debug.xcconfig */ = {isa = PBXFileReference; includeInIndex = 1; lastKnownFileType = text.xcconfig; name = "Pods-MasterWords.debug.xcconfig"; path = "Pods/Target Support Files/Pods-MasterWords/Pods-MasterWords.debug.xcconfig"; sourceTree = "<group>"; };
		7F2518809EDC80E47CDDC9D5 /* Pods_MasterWords.framework */ = {isa = PBXFileReference; explicitFileType = wrapper.framework; includeInIndex = 0; path = Pods_MasterWords.framework; sourceTree = BUILT_PRODUCTS_DIR; };
		AD04451217AC84B09F8164CF /* Pods-MasterWords.release.xcconfig */ = {isa = PBXFileReference; includeInIndex = 1; lastKnownFileType = text.xcconfig; name = "Pods-MasterWords.release.xcconfig"; path = "Pods/Target Support Files/Pods-MasterWords/Pods-MasterWords.release.xcconfig"; sourceTree = "<group>"; };
		C104F5BF205AABD10052A21F /* ListsTableViewController.swift */ = {isa = PBXFileReference; lastKnownFileType = sourcecode.swift; path = ListsTableViewController.swift; sourceTree = "<group>"; };
		C12293AD2062BB3F0080A810 /* UsersViewController.swift */ = {isa = PBXFileReference; lastKnownFileType = sourcecode.swift; path = UsersViewController.swift; sourceTree = "<group>"; };
		C12293AF2062BE820080A810 /* User.swift */ = {isa = PBXFileReference; lastKnownFileType = sourcecode.swift; path = User.swift; sourceTree = "<group>"; };
		C12293B12062CDA00080A810 /* SwitchUserViewController.swift */ = {isa = PBXFileReference; lastKnownFileType = sourcecode.swift; path = SwitchUserViewController.swift; sourceTree = "<group>"; };
		C128AEB42061696800A47E3F /* Word.swift */ = {isa = PBXFileReference; lastKnownFileType = sourcecode.swift; path = Word.swift; sourceTree = "<group>"; };
		C12F01F323180EAD00596D25 /* CreditsViewController.swift */ = {isa = PBXFileReference; lastKnownFileType = sourcecode.swift; path = CreditsViewController.swift; sourceTree = "<group>"; };
		C12F01F5231821F100596D25 /* RoundedButton.swift */ = {isa = PBXFileReference; lastKnownFileType = sourcecode.swift; path = RoundedButton.swift; sourceTree = "<group>"; };
		C12F01F72319885A00596D25 /* 43162713_comical-rubber-squeak-01.wav */ = {isa = PBXFileReference; lastKnownFileType = audio.wav; path = "43162713_comical-rubber-squeak-01.wav"; sourceTree = "<group>"; };
		C12F023F231EBC4A00596D25 /* ListsNavigationController.swift */ = {isa = PBXFileReference; lastKnownFileType = sourcecode.swift; path = ListsNavigationController.swift; sourceTree = "<group>"; };
		C12F0241231EBDA000596D25 /* FlashCardsNavigationController.swift */ = {isa = PBXFileReference; lastKnownFileType = sourcecode.swift; path = FlashCardsNavigationController.swift; sourceTree = "<group>"; };
		C1344A43231573D800BEB28C /* UserEditViewController.swift */ = {isa = PBXFileReference; lastKnownFileType = sourcecode.swift; path = UserEditViewController.swift; sourceTree = "<group>"; };
		C16182CD20606EF60025E6D1 /* 38798943_correct-answer-bell-gliss-01.wav */ = {isa = PBXFileReference; lastKnownFileType = audio.wav; path = "38798943_correct-answer-bell-gliss-01.wav"; sourceTree = "<group>"; };
		C16182CF20606F070025E6D1 /* 38806077_wrong-answer-bong-spring-01.wav */ = {isa = PBXFileReference; lastKnownFileType = audio.wav; path = "38806077_wrong-answer-bong-spring-01.wav"; sourceTree = "<group>"; };
		C16182D2206075060025E6D1 /* GraphTableViewController.swift */ = {isa = PBXFileReference; lastKnownFileType = sourcecode.swift; path = GraphTableViewController.swift; sourceTree = "<group>"; };
		C178747D205AB89400C01B71 /* FlashCardsViewController.swift */ = {isa = PBXFileReference; lastKnownFileType = sourcecode.swift; path = FlashCardsViewController.swift; sourceTree = "<group>"; };
		C17D56F320588CE900210586 /* SingleListEditViewController.swift */ = {isa = PBXFileReference; lastKnownFileType = sourcecode.swift; path = SingleListEditViewController.swift; sourceTree = "<group>"; };
		C17D56F520588E4700210586 /* SightWord.swift */ = {isa = PBXFileReference; lastKnownFileType = sourcecode.swift; path = SightWord.swift; sourceTree = "<group>"; };
		C19974992316D8B7006467ED /* TextFieldMaxLengths.swift */ = {isa = PBXFileReference; lastKnownFileType = sourcecode.swift; path = TextFieldMaxLengths.swift; sourceTree = "<group>"; };
		C1AE3BAC20583E11005FA6A1 /* SightWordsList.swift */ = {isa = PBXFileReference; lastKnownFileType = sourcecode.swift; path = SightWordsList.swift; sourceTree = "<group>"; };
		C1AE3BAE2058412E005FA6A1 /* SwipeTableViewController.swift */ = {isa = PBXFileReference; lastKnownFileType = sourcecode.swift; path = SwipeTableViewController.swift; sourceTree = "<group>"; };
		C1DC04D9205C338200F1BDC3 /* GelPenHeavy.ttf */ = {isa = PBXFileReference; lastKnownFileType = file; path = GelPenHeavy.ttf; sourceTree = "<group>"; };
		C1DC04DA205C338F00F1BDC3 /* GelPen.ttf */ = {isa = PBXFileReference; lastKnownFileType = file; path = GelPen.ttf; sourceTree = "<group>"; };
		C1E94DD82058336C0077F6EB /* MasterWords.app */ = {isa = PBXFileReference; explicitFileType = wrapper.application; includeInIndex = 0; path = MasterWords.app; sourceTree = BUILT_PRODUCTS_DIR; };
		C1E94DDB2058336C0077F6EB /* AppDelegate.swift */ = {isa = PBXFileReference; lastKnownFileType = sourcecode.swift; path = AppDelegate.swift; sourceTree = "<group>"; };
		C1E94DDD2058336C0077F6EB /* ListsEditViewController.swift */ = {isa = PBXFileReference; lastKnownFileType = sourcecode.swift; path = ListsEditViewController.swift; sourceTree = "<group>"; };
		C1E94DE22058336C0077F6EB /* Base */ = {isa = PBXFileReference; lastKnownFileType = file.storyboard; name = Base; path = Base.lproj/Main.storyboard; sourceTree = "<group>"; };
		C1E94DE42058336C0077F6EB /* Assets.xcassets */ = {isa = PBXFileReference; lastKnownFileType = folder.assetcatalog; path = Assets.xcassets; sourceTree = "<group>"; };
		C1E94DE72058336C0077F6EB /* Base */ = {isa = PBXFileReference; lastKnownFileType = file.storyboard; name = Base; path = Base.lproj/LaunchScreen.storyboard; sourceTree = "<group>"; };
		C1E94DE92058336C0077F6EB /* Info.plist */ = {isa = PBXFileReference; lastKnownFileType = text.plist.xml; path = Info.plist; sourceTree = "<group>"; };
		C1E99907206022670028564A /* TabBarViewController.swift */ = {isa = PBXFileReference; lastKnownFileType = sourcecode.swift; path = TabBarViewController.swift; sourceTree = "<group>"; };
/* End PBXFileReference section */

/* Begin PBXFrameworksBuildPhase section */
		C1E94DD52058336C0077F6EB /* Frameworks */ = {
			isa = PBXFrameworksBuildPhase;
			buildActionMask = 2147483647;
			files = (
				2A5641BECF2BA18A1CE128EF /* Pods_MasterWords.framework in Frameworks */,
			);
			runOnlyForDeploymentPostprocessing = 0;
		};
/* End PBXFrameworksBuildPhase section */

/* Begin PBXGroup section */
		5338EEC360F39A73A0180D78 /* Pods */ = {
			isa = PBXGroup;
			children = (
				4638960242EB8D080C87F084 /* Pods-MasterWords.debug.xcconfig */,
				AD04451217AC84B09F8164CF /* Pods-MasterWords.release.xcconfig */,
			);
			name = Pods;
			sourceTree = "<group>";
		};
		88829625048F22598BEFE54B /* Frameworks */ = {
			isa = PBXGroup;
			children = (
				7F2518809EDC80E47CDDC9D5 /* Pods_MasterWords.framework */,
			);
			name = Frameworks;
			sourceTree = "<group>";
		};
		C16182D120606F0D0025E6D1 /* Sound */ = {
			isa = PBXGroup;
			children = (
				C12F01F72319885A00596D25 /* 43162713_comical-rubber-squeak-01.wav */,
				C16182CD20606EF60025E6D1 /* 38798943_correct-answer-bell-gliss-01.wav */,
				C16182CF20606F070025E6D1 /* 38806077_wrong-answer-bong-spring-01.wav */,
			);
			path = Sound;
			sourceTree = "<group>";
		};
		C1DC04D5205C2DFF00F1BDC3 /* Fonts */ = {
			isa = PBXGroup;
			children = (
				C1DC04DA205C338F00F1BDC3 /* GelPen.ttf */,
				C1DC04D9205C338200F1BDC3 /* GelPenHeavy.ttf */,
			);
			path = Fonts;
			sourceTree = "<group>";
		};
		C1E94DCF2058336C0077F6EB = {
			isa = PBXGroup;
			children = (
				C1E94DDA2058336C0077F6EB /* MasterWords */,
				C1E94DD92058336C0077F6EB /* Products */,
				5338EEC360F39A73A0180D78 /* Pods */,
				88829625048F22598BEFE54B /* Frameworks */,
			);
			sourceTree = "<group>";
		};
		C1E94DD92058336C0077F6EB /* Products */ = {
			isa = PBXGroup;
			children = (
				C1E94DD82058336C0077F6EB /* MasterWords.app */,
			);
			name = Products;
			sourceTree = "<group>";
		};
		C1E94DDA2058336C0077F6EB /* MasterWords */ = {
			isa = PBXGroup;
			children = (
				C1E94DEF205833A40077F6EB /* Controller */,
				C1E94DF0205833CF0077F6EB /* View */,
				C1E94DF1205833D60077F6EB /* Supporting Files */,
				C1E94DE92058336C0077F6EB /* Info.plist */,
			);
			path = MasterWords;
			sourceTree = "<group>";
		};
		C1E94DEF205833A40077F6EB /* Controller */ = {
			isa = PBXGroup;
			children = (
				C12293B12062CDA00080A810 /* SwitchUserViewController.swift */,
				C12293AD2062BB3F0080A810 /* UsersViewController.swift */,
				C16182D2206075060025E6D1 /* GraphTableViewController.swift */,
				C1E99907206022670028564A /* TabBarViewController.swift */,
				C1E94DDD2058336C0077F6EB /* ListsEditViewController.swift */,
				C17D56F320588CE900210586 /* SingleListEditViewController.swift */,
				C104F5BF205AABD10052A21F /* ListsTableViewController.swift */,
				C178747D205AB89400C01B71 /* FlashCardsViewController.swift */,
				C17D56F520588E4700210586 /* SightWord.swift */,
				C12293AF2062BE820080A810 /* User.swift */,
				C128AEB42061696800A47E3F /* Word.swift */,
				C1AE3BAC20583E11005FA6A1 /* SightWordsList.swift */,
				C1E94DDB2058336C0077F6EB /* AppDelegate.swift */,
				C1AE3BAE2058412E005FA6A1 /* SwipeTableViewController.swift */,
				C1344A43231573D800BEB28C /* UserEditViewController.swift */,
				C19974992316D8B7006467ED /* TextFieldMaxLengths.swift */,
				C12F01F323180EAD00596D25 /* CreditsViewController.swift */,
				C12F01F5231821F100596D25 /* RoundedButton.swift */,
				C12F023F231EBC4A00596D25 /* ListsNavigationController.swift */,
				C12F0241231EBDA000596D25 /* FlashCardsNavigationController.swift */,
			);
			path = Controller;
			sourceTree = "<group>";
		};
		C1E94DF0205833CF0077F6EB /* View */ = {
			isa = PBXGroup;
			children = (
				C1E94DE12058336C0077F6EB /* Main.storyboard */,
				C1E94DE62058336C0077F6EB /* LaunchScreen.storyboard */,
			);
			path = View;
			sourceTree = "<group>";
		};
		C1E94DF1205833D60077F6EB /* Supporting Files */ = {
			isa = PBXGroup;
			children = (
				C16182D120606F0D0025E6D1 /* Sound */,
				C1DC04D5205C2DFF00F1BDC3 /* Fonts */,
				C1E94DE42058336C0077F6EB /* Assets.xcassets */,
			);
			path = "Supporting Files";
			sourceTree = "<group>";
		};
/* End PBXGroup section */

/* Begin PBXNativeTarget section */
		C1E94DD72058336C0077F6EB /* MasterWords */ = {
			isa = PBXNativeTarget;
			buildConfigurationList = C1E94DEC2058336C0077F6EB /* Build configuration list for PBXNativeTarget "MasterWords" */;
			buildPhases = (
				643A592905F089D769875C18 /* [CP] Check Pods Manifest.lock */,
				C1E94DD42058336C0077F6EB /* Sources */,
				C1E94DD52058336C0077F6EB /* Frameworks */,
				C1E94DD62058336C0077F6EB /* Resources */,
				C4912B80AC1ABBD6EC0A72F7 /* [CP] Embed Pods Frameworks */,
			);
			buildRules = (
			);
			dependencies = (
			);
			name = MasterWords;
			productName = MasterWords;
			productReference = C1E94DD82058336C0077F6EB /* MasterWords.app */;
			productType = "com.apple.product-type.application";
		};
/* End PBXNativeTarget section */

/* Begin PBXProject section */
		C1E94DD02058336C0077F6EB /* Project object */ = {
			isa = PBXProject;
			attributes = {
				LastSwiftUpdateCheck = 0920;
				LastUpgradeCheck = 0930;
				ORGANIZATIONNAME = "Maria Martinez Guzman";
				TargetAttributes = {
					C1E94DD72058336C0077F6EB = {
						CreatedOnToolsVersion = 9.2;
						LastSwiftMigration = 1010;
						ProvisioningStyle = Automatic;
					};
				};
			};
			buildConfigurationList = C1E94DD32058336C0077F6EB /* Build configuration list for PBXProject "MasterWords" */;
			compatibilityVersion = "Xcode 8.0";
			developmentRegion = en;
			hasScannedForEncodings = 0;
			knownRegions = (
				en,
				Base,
			);
			mainGroup = C1E94DCF2058336C0077F6EB;
			productRefGroup = C1E94DD92058336C0077F6EB /* Products */;
			projectDirPath = "";
			projectRoot = "";
			targets = (
				C1E94DD72058336C0077F6EB /* MasterWords */,
			);
		};
/* End PBXProject section */

/* Begin PBXResourcesBuildPhase section */
		C1E94DD62058336C0077F6EB /* Resources */ = {
			isa = PBXResourcesBuildPhase;
			buildActionMask = 2147483647;
			files = (
				C1DC04DB205C33C600F1BDC3 /* GelPen.ttf in Resources */,
				C1DC04DC205C33C600F1BDC3 /* GelPenHeavy.ttf in Resources */,
				C16182D020606F070025E6D1 /* 38806077_wrong-answer-bong-spring-01.wav in Resources */,
				C1E94DE82058336C0077F6EB /* LaunchScreen.storyboard in Resources */,
				C1E94DE52058336C0077F6EB /* Assets.xcassets in Resources */,
				C1E94DE32058336C0077F6EB /* Main.storyboard in Resources */,
				C16182CE20606EF60025E6D1 /* 38798943_correct-answer-bell-gliss-01.wav in Resources */,
				C12F01F82319885D00596D25 /* 43162713_comical-rubber-squeak-01.wav in Resources */,
			);
			runOnlyForDeploymentPostprocessing = 0;
		};
/* End PBXResourcesBuildPhase section */

/* Begin PBXShellScriptBuildPhase section */
		643A592905F089D769875C18 /* [CP] Check Pods Manifest.lock */ = {
			isa = PBXShellScriptBuildPhase;
			buildActionMask = 2147483647;
			files = (
			);
			inputPaths = (
				"${PODS_PODFILE_DIR_PATH}/Podfile.lock",
				"${PODS_ROOT}/Manifest.lock",
			);
			name = "[CP] Check Pods Manifest.lock";
			outputPaths = (
				"$(DERIVED_FILE_DIR)/Pods-MasterWords-checkManifestLockResult.txt",
			);
			runOnlyForDeploymentPostprocessing = 0;
			shellPath = /bin/sh;
			shellScript = "diff \"${PODS_PODFILE_DIR_PATH}/Podfile.lock\" \"${PODS_ROOT}/Manifest.lock\" > /dev/null\nif [ $? != 0 ] ; then\n    # print error to STDERR\n    echo \"error: The sandbox is not in sync with the Podfile.lock. Run 'pod install' or update your CocoaPods installation.\" >&2\n    exit 1\nfi\n# This output is used by Xcode 'outputs' to avoid re-running this script phase.\necho \"SUCCESS\" > \"${SCRIPT_OUTPUT_FILE_0}\"\n";
			showEnvVarsInLog = 0;
		};
		C4912B80AC1ABBD6EC0A72F7 /* [CP] Embed Pods Frameworks */ = {
			isa = PBXShellScriptBuildPhase;
			buildActionMask = 2147483647;
			files = (
			);
			inputPaths = (
				"${PODS_ROOT}/Target Support Files/Pods-MasterWords/Pods-MasterWords-frameworks.sh",
				"${BUILT_PRODUCTS_DIR}/ChameleonFramework/ChameleonFramework.framework",
				"${BUILT_PRODUCTS_DIR}/Koloda/Koloda.framework",
				"${BUILT_PRODUCTS_DIR}/Realm/Realm.framework",
				"${BUILT_PRODUCTS_DIR}/RealmSwift/RealmSwift.framework",
				"${BUILT_PRODUCTS_DIR}/SwipeCellKit/SwipeCellKit.framework",
				"${BUILT_PRODUCTS_DIR}/pop/pop.framework",
			);
			name = "[CP] Embed Pods Frameworks";
			outputPaths = (
				"${TARGET_BUILD_DIR}/${FRAMEWORKS_FOLDER_PATH}/ChameleonFramework.framework",
				"${TARGET_BUILD_DIR}/${FRAMEWORKS_FOLDER_PATH}/Koloda.framework",
				"${TARGET_BUILD_DIR}/${FRAMEWORKS_FOLDER_PATH}/Realm.framework",
				"${TARGET_BUILD_DIR}/${FRAMEWORKS_FOLDER_PATH}/RealmSwift.framework",
				"${TARGET_BUILD_DIR}/${FRAMEWORKS_FOLDER_PATH}/SwipeCellKit.framework",
				"${TARGET_BUILD_DIR}/${FRAMEWORKS_FOLDER_PATH}/pop.framework",
			);
			runOnlyForDeploymentPostprocessing = 0;
			shellPath = /bin/sh;
			shellScript = "\"${PODS_ROOT}/Target Support Files/Pods-MasterWords/Pods-MasterWords-frameworks.sh\"\n";
			showEnvVarsInLog = 0;
		};
/* End PBXShellScriptBuildPhase section */

/* Begin PBXSourcesBuildPhase section */
		C1E94DD42058336C0077F6EB /* Sources */ = {
			isa = PBXSourcesBuildPhase;
			buildActionMask = 2147483647;
			files = (
				C1344A44231573D800BEB28C /* UserEditViewController.swift in Sources */,
				C12F0240231EBC4A00596D25 /* ListsNavigationController.swift in Sources */,
				C12293B02062BE820080A810 /* User.swift in Sources */,
				C16182D3206075070025E6D1 /* GraphTableViewController.swift in Sources */,
				C12293AE2062BB3F0080A810 /* UsersViewController.swift in Sources */,
				C12293B22062CDA00080A810 /* SwitchUserViewController.swift in Sources */,
				C12F0242231EBDA000596D25 /* FlashCardsNavigationController.swift in Sources */,
				C17D56F620588E4700210586 /* SightWord.swift in Sources */,
				C12F01F423180EAD00596D25 /* CreditsViewController.swift in Sources */,
				C1AE3BAD20583E11005FA6A1 /* SightWordsList.swift in Sources */,
				C178747E205AB89400C01B71 /* FlashCardsViewController.swift in Sources */,
				C199749A2316D8B7006467ED /* TextFieldMaxLengths.swift in Sources */,
				C17D56F420588CE900210586 /* SingleListEditViewController.swift in Sources */,
				C1E99908206022670028564A /* TabBarViewController.swift in Sources */,
				C128AEB52061696800A47E3F /* Word.swift in Sources */,
				C12F01F6231821F100596D25 /* RoundedButton.swift in Sources */,
				C1E94DDC2058336C0077F6EB /* AppDelegate.swift in Sources */,
				C1E94DDE2058336C0077F6EB /* ListsEditViewController.swift in Sources */,
				C1AE3BAF2058412E005FA6A1 /* SwipeTableViewController.swift in Sources */,
				C104F5C0205AABD10052A21F /* ListsTableViewController.swift in Sources */,
			);
			runOnlyForDeploymentPostprocessing = 0;
		};
/* End PBXSourcesBuildPhase section */

/* Begin PBXVariantGroup section */
		C1E94DE12058336C0077F6EB /* Main.storyboard */ = {
			isa = PBXVariantGroup;
			children = (
				C1E94DE22058336C0077F6EB /* Base */,
			);
			name = Main.storyboard;
			sourceTree = "<group>";
		};
		C1E94DE62058336C0077F6EB /* LaunchScreen.storyboard */ = {
			isa = PBXVariantGroup;
			children = (
				C1E94DE72058336C0077F6EB /* Base */,
			);
			name = LaunchScreen.storyboard;
			sourceTree = "<group>";
		};
/* End PBXVariantGroup section */

/* Begin XCBuildConfiguration section */
		C1E94DEA2058336C0077F6EB /* Debug */ = {
			isa = XCBuildConfiguration;
			buildSettings = {
				ALWAYS_SEARCH_USER_PATHS = NO;
				CLANG_ANALYZER_NONNULL = YES;
				CLANG_ANALYZER_NUMBER_OBJECT_CONVERSION = YES_AGGRESSIVE;
				CLANG_CXX_LANGUAGE_STANDARD = "gnu++14";
				CLANG_CXX_LIBRARY = "libc++";
				CLANG_ENABLE_MODULES = YES;
				CLANG_ENABLE_OBJC_ARC = YES;
				CLANG_WARN_BLOCK_CAPTURE_AUTORELEASING = YES;
				CLANG_WARN_BOOL_CONVERSION = YES;
				CLANG_WARN_COMMA = YES;
				CLANG_WARN_CONSTANT_CONVERSION = YES;
				CLANG_WARN_DEPRECATED_OBJC_IMPLEMENTATIONS = YES;
				CLANG_WARN_DIRECT_OBJC_ISA_USAGE = YES_ERROR;
				CLANG_WARN_DOCUMENTATION_COMMENTS = YES;
				CLANG_WARN_EMPTY_BODY = YES;
				CLANG_WARN_ENUM_CONVERSION = YES;
				CLANG_WARN_INFINITE_RECURSION = YES;
				CLANG_WARN_INT_CONVERSION = YES;
				CLANG_WARN_NON_LITERAL_NULL_CONVERSION = YES;
				CLANG_WARN_OBJC_IMPLICIT_RETAIN_SELF = YES;
				CLANG_WARN_OBJC_LITERAL_CONVERSION = YES;
				CLANG_WARN_OBJC_ROOT_CLASS = YES_ERROR;
				CLANG_WARN_RANGE_LOOP_ANALYSIS = YES;
				CLANG_WARN_STRICT_PROTOTYPES = YES;
				CLANG_WARN_SUSPICIOUS_MOVE = YES;
				CLANG_WARN_UNGUARDED_AVAILABILITY = YES_AGGRESSIVE;
				CLANG_WARN_UNREACHABLE_CODE = YES;
				CLANG_WARN__DUPLICATE_METHOD_MATCH = YES;
				CODE_SIGN_IDENTITY = "iPhone Developer";
				COPY_PHASE_STRIP = NO;
				DEBUG_INFORMATION_FORMAT = dwarf;
				ENABLE_STRICT_OBJC_MSGSEND = YES;
				ENABLE_TESTABILITY = YES;
				GCC_C_LANGUAGE_STANDARD = gnu11;
				GCC_DYNAMIC_NO_PIC = NO;
				GCC_NO_COMMON_BLOCKS = YES;
				GCC_OPTIMIZATION_LEVEL = 0;
				GCC_PREPROCESSOR_DEFINITIONS = (
					"DEBUG=1",
					"$(inherited)",
				);
				GCC_WARN_64_TO_32_BIT_CONVERSION = YES;
				GCC_WARN_ABOUT_RETURN_TYPE = YES_ERROR;
				GCC_WARN_UNDECLARED_SELECTOR = YES;
				GCC_WARN_UNINITIALIZED_AUTOS = YES_AGGRESSIVE;
				GCC_WARN_UNUSED_FUNCTION = YES;
				GCC_WARN_UNUSED_VARIABLE = YES;
				IPHONEOS_DEPLOYMENT_TARGET = 11.2;
				MTL_ENABLE_DEBUG_INFO = YES;
				ONLY_ACTIVE_ARCH = YES;
				SDKROOT = iphoneos;
				SWIFT_ACTIVE_COMPILATION_CONDITIONS = DEBUG;
				SWIFT_OPTIMIZATION_LEVEL = "-Onone";
			};
			name = Debug;
		};
		C1E94DEB2058336C0077F6EB /* Release */ = {
			isa = XCBuildConfiguration;
			buildSettings = {
				ALWAYS_SEARCH_USER_PATHS = NO;
				CLANG_ANALYZER_NONNULL = YES;
				CLANG_ANALYZER_NUMBER_OBJECT_CONVERSION = YES_AGGRESSIVE;
				CLANG_CXX_LANGUAGE_STANDARD = "gnu++14";
				CLANG_CXX_LIBRARY = "libc++";
				CLANG_ENABLE_MODULES = YES;
				CLANG_ENABLE_OBJC_ARC = YES;
				CLANG_WARN_BLOCK_CAPTURE_AUTORELEASING = YES;
				CLANG_WARN_BOOL_CONVERSION = YES;
				CLANG_WARN_COMMA = YES;
				CLANG_WARN_CONSTANT_CONVERSION = YES;
				CLANG_WARN_DEPRECATED_OBJC_IMPLEMENTATIONS = YES;
				CLANG_WARN_DIRECT_OBJC_ISA_USAGE = YES_ERROR;
				CLANG_WARN_DOCUMENTATION_COMMENTS = YES;
				CLANG_WARN_EMPTY_BODY = YES;
				CLANG_WARN_ENUM_CONVERSION = YES;
				CLANG_WARN_INFINITE_RECURSION = YES;
				CLANG_WARN_INT_CONVERSION = YES;
				CLANG_WARN_NON_LITERAL_NULL_CONVERSION = YES;
				CLANG_WARN_OBJC_IMPLICIT_RETAIN_SELF = YES;
				CLANG_WARN_OBJC_LITERAL_CONVERSION = YES;
				CLANG_WARN_OBJC_ROOT_CLASS = YES_ERROR;
				CLANG_WARN_RANGE_LOOP_ANALYSIS = YES;
				CLANG_WARN_STRICT_PROTOTYPES = YES;
				CLANG_WARN_SUSPICIOUS_MOVE = YES;
				CLANG_WARN_UNGUARDED_AVAILABILITY = YES_AGGRESSIVE;
				CLANG_WARN_UNREACHABLE_CODE = YES;
				CLANG_WARN__DUPLICATE_METHOD_MATCH = YES;
				CODE_SIGN_IDENTITY = "iPhone Developer";
				COPY_PHASE_STRIP = NO;
				DEBUG_INFORMATION_FORMAT = "dwarf-with-dsym";
				ENABLE_NS_ASSERTIONS = NO;
				ENABLE_STRICT_OBJC_MSGSEND = YES;
				GCC_C_LANGUAGE_STANDARD = gnu11;
				GCC_NO_COMMON_BLOCKS = YES;
				GCC_WARN_64_TO_32_BIT_CONVERSION = YES;
				GCC_WARN_ABOUT_RETURN_TYPE = YES_ERROR;
				GCC_WARN_UNDECLARED_SELECTOR = YES;
				GCC_WARN_UNINITIALIZED_AUTOS = YES_AGGRESSIVE;
				GCC_WARN_UNUSED_FUNCTION = YES;
				GCC_WARN_UNUSED_VARIABLE = YES;
				IPHONEOS_DEPLOYMENT_TARGET = 11.2;
				MTL_ENABLE_DEBUG_INFO = NO;
				SDKROOT = iphoneos;
				SWIFT_OPTIMIZATION_LEVEL = "-Owholemodule";
				VALIDATE_PRODUCT = YES;
			};
			name = Release;
		};
		C1E94DED2058336C0077F6EB /* Debug */ = {
			isa = XCBuildConfiguration;
			baseConfigurationReference = 4638960242EB8D080C87F084 /* Pods-MasterWords.debug.xcconfig */;
			buildSettings = {
				ASSETCATALOG_COMPILER_APPICON_NAME = AppIcon;
				CODE_SIGN_STYLE = Automatic;
				DEVELOPMENT_TEAM = CBUNS4YTQR;
				INFOPLIST_FILE = MasterWords/Info.plist;
				LD_RUNPATH_SEARCH_PATHS = "$(inherited) @executable_path/Frameworks";
				PRODUCT_BUNDLE_IDENTIFIER = com.mariamartinezguzman.MasterWords;
				PRODUCT_NAME = "$(TARGET_NAME)";
				SWIFT_OBJC_BRIDGING_HEADER = "";
				SWIFT_VERSION = 4.2;
				TARGETED_DEVICE_FAMILY = "1,2";
			};
			name = Debug;
		};
		C1E94DEE2058336C0077F6EB /* Release */ = {
			isa = XCBuildConfiguration;
			baseConfigurationReference = AD04451217AC84B09F8164CF /* Pods-MasterWords.release.xcconfig */;
			buildSettings = {
				ASSETCATALOG_COMPILER_APPICON_NAME = AppIcon;
				CODE_SIGN_STYLE = Automatic;
				DEVELOPMENT_TEAM = CBUNS4YTQR;
				INFOPLIST_FILE = MasterWords/Info.plist;
				LD_RUNPATH_SEARCH_PATHS = "$(inherited) @executable_path/Frameworks";
				PRODUCT_BUNDLE_IDENTIFIER = com.mariamartinezguzman.MasterWords;
				PRODUCT_NAME = "$(TARGET_NAME)";
				SWIFT_OBJC_BRIDGING_HEADER = "";
				SWIFT_VERSION = 4.2;
				TARGETED_DEVICE_FAMILY = "1,2";
			};
			name = Release;
		};
/* End XCBuildConfiguration section */

/* Begin XCConfigurationList section */
		C1E94DD32058336C0077F6EB /* Build configuration list for PBXProject "MasterWords" */ = {
			isa = XCConfigurationList;
			buildConfigurations = (
				C1E94DEA2058336C0077F6EB /* Debug */,
				C1E94DEB2058336C0077F6EB /* Release */,
			);
			defaultConfigurationIsVisible = 0;
			defaultConfigurationName = Release;
		};
		C1E94DEC2058336C0077F6EB /* Build configuration list for PBXNativeTarget "MasterWords" */ = {
			isa = XCConfigurationList;
			buildConfigurations = (
				C1E94DED2058336C0077F6EB /* Debug */,
				C1E94DEE2058336C0077F6EB /* Release */,
			);
			defaultConfigurationIsVisible = 0;
			defaultConfigurationName = Release;
		};
/* End XCConfigurationList section */
	};
	rootObject = C1E94DD02058336C0077F6EB /* Project object */;
}
